// !$*UTF8*$!
{
	archiveVersion = 1;
	classes = {
	};
	objectVersion = 48;
	objects = {

/* Begin PBXBuildFile section */
		8F046697208444B100D4D845 /* SwipeTableViewController.swift in Sources */ = {isa = PBXBuildFile; fileRef = 8F046696208444B100D4D845 /* SwipeTableViewController.swift */; };
		8FA732EA204DE02D004B28FC /* GroupingTVController.swift in Sources */ = {isa = PBXBuildFile; fileRef = 8FA732E9204DE02D004B28FC /* GroupingTVController.swift */; };
		8FC3613F20407D85002172BD /* AppDelegate.swift in Sources */ = {isa = PBXBuildFile; fileRef = 8FC3613E20407D85002172BD /* AppDelegate.swift */; };
		8FC3614120407D85002172BD /* ToDoListViewController.swift in Sources */ = {isa = PBXBuildFile; fileRef = 8FC3614020407D85002172BD /* ToDoListViewController.swift */; };
		8FC3614420407D85002172BD /* Main.storyboard in Resources */ = {isa = PBXBuildFile; fileRef = 8FC3614220407D85002172BD /* Main.storyboard */; };
		8FC3614620407D85002172BD /* Assets.xcassets in Resources */ = {isa = PBXBuildFile; fileRef = 8FC3614520407D85002172BD /* Assets.xcassets */; };
		8FC3614920407D85002172BD /* LaunchScreen.storyboard in Resources */ = {isa = PBXBuildFile; fileRef = 8FC3614720407D85002172BD /* LaunchScreen.storyboard */; };
		8FECCF82204E033400CD0A73 /* Item.swift in Sources */ = {isa = PBXBuildFile; fileRef = 8FECCF81204E033400CD0A73 /* Item.swift */; };
		8FECCF84204E034200CD0A73 /* Grouping.swift in Sources */ = {isa = PBXBuildFile; fileRef = 8FECCF83204E034200CD0A73 /* Grouping.swift */; };
		B6D0EB8017F9E24264A0E1E1 /* Pods_ToDoList.framework in Frameworks */ = {isa = PBXBuildFile; fileRef = 3C7B0728520C8675177E64A5 /* Pods_ToDoList.framework */; };
/* End PBXBuildFile section */

/* Begin PBXFileReference section */
		0DDABF45A6505CCF822F5637 /* Pods-ToDoList.debug.xcconfig */ = {isa = PBXFileReference; includeInIndex = 1; lastKnownFileType = text.xcconfig; name = "Pods-ToDoList.debug.xcconfig"; path = "Pods/Target Support Files/Pods-ToDoList/Pods-ToDoList.debug.xcconfig"; sourceTree = "<group>"; };
		3C7B0728520C8675177E64A5 /* Pods_ToDoList.framework */ = {isa = PBXFileReference; explicitFileType = wrapper.framework; includeInIndex = 0; path = Pods_ToDoList.framework; sourceTree = BUILT_PRODUCTS_DIR; };
		8F046696208444B100D4D845 /* SwipeTableViewController.swift */ = {isa = PBXFileReference; lastKnownFileType = sourcecode.swift; path = SwipeTableViewController.swift; sourceTree = "<group>"; };
		8FA732E9204DE02D004B28FC /* GroupingTVController.swift */ = {isa = PBXFileReference; lastKnownFileType = sourcecode.swift; path = GroupingTVController.swift; sourceTree = "<group>"; };
		8FC3613B20407D85002172BD /* ToDoList.app */ = {isa = PBXFileReference; explicitFileType = wrapper.application; includeInIndex = 0; path = ToDoList.app; sourceTree = BUILT_PRODUCTS_DIR; };
		8FC3613E20407D85002172BD /* AppDelegate.swift */ = {isa = PBXFileReference; lastKnownFileType = sourcecode.swift; path = AppDelegate.swift; sourceTree = "<group>"; };
		8FC3614020407D85002172BD /* ToDoListViewController.swift */ = {isa = PBXFileReference; lastKnownFileType = sourcecode.swift; path = ToDoListViewController.swift; sourceTree = "<group>"; };
		8FC3614320407D85002172BD /* Base */ = {isa = PBXFileReference; lastKnownFileType = file.storyboard; name = Base; path = Base.lproj/Main.storyboard; sourceTree = "<group>"; };
		8FC3614520407D85002172BD /* Assets.xcassets */ = {isa = PBXFileReference; lastKnownFileType = folder.assetcatalog; path = Assets.xcassets; sourceTree = "<group>"; };
		8FC3614820407D85002172BD /* Base */ = {isa = PBXFileReference; lastKnownFileType = file.storyboard; name = Base; path = Base.lproj/LaunchScreen.storyboard; sourceTree = "<group>"; };
		8FC3614A20407D85002172BD /* Info.plist */ = {isa = PBXFileReference; lastKnownFileType = text.plist.xml; path = Info.plist; sourceTree = "<group>"; };
		8FECCF81204E033400CD0A73 /* Item.swift */ = {isa = PBXFileReference; lastKnownFileType = sourcecode.swift; path = Item.swift; sourceTree = "<group>"; };
		8FECCF83204E034200CD0A73 /* Grouping.swift */ = {isa = PBXFileReference; lastKnownFileType = sourcecode.swift; path = Grouping.swift; sourceTree = "<group>"; };
		C973776234B7B9CC263508B8 /* Pods-ToDoList.release.xcconfig */ = {isa = PBXFileReference; includeInIndex = 1; lastKnownFileType = text.xcconfig; name = "Pods-ToDoList.release.xcconfig"; path = "Pods/Target Support Files/Pods-ToDoList/Pods-ToDoList.release.xcconfig"; sourceTree = "<group>"; };
/* End PBXFileReference section */

/* Begin PBXFrameworksBuildPhase section */
		8FC3613820407D85002172BD /* Frameworks */ = {
			isa = PBXFrameworksBuildPhase;
			buildActionMask = 2147483647;
			files = (
				B6D0EB8017F9E24264A0E1E1 /* Pods_ToDoList.framework in Frameworks */,
			);
			runOnlyForDeploymentPostprocessing = 0;
		};
/* End PBXFrameworksBuildPhase section */

/* Begin PBXGroup section */
		10B749AA0D132D7ACB30F1CF /* Pods */ = {
			isa = PBXGroup;
			children = (
				0DDABF45A6505CCF822F5637 /* Pods-ToDoList.debug.xcconfig */,
				C973776234B7B9CC263508B8 /* Pods-ToDoList.release.xcconfig */,
			);
			name = Pods;
			sourceTree = "<group>";
		};
		8D78E0E19BB49FE3D099C624 /* Frameworks */ = {
			isa = PBXGroup;
			children = (
				3C7B0728520C8675177E64A5 /* Pods_ToDoList.framework */,
			);
			name = Frameworks;
			sourceTree = "<group>";
		};
		8FC3613220407D85002172BD = {
			isa = PBXGroup;
			children = (
				8FC3613D20407D85002172BD /* ToDoList */,
				8FC3613C20407D85002172BD /* Products */,
				10B749AA0D132D7ACB30F1CF /* Pods */,
				8D78E0E19BB49FE3D099C624 /* Frameworks */,
			);
			sourceTree = "<group>";
		};
		8FC3613C20407D85002172BD /* Products */ = {
			isa = PBXGroup;
			children = (
				8FC3613B20407D85002172BD /* ToDoList.app */,
			);
			name = Products;
			sourceTree = "<group>";
		};
		8FC3613D20407D85002172BD /* ToDoList */ = {
			isa = PBXGroup;
			children = (
				8FC3613E20407D85002172BD /* AppDelegate.swift */,
				8FEE51E42047C784003E5191 /* Controller */,
				8FEE51E22047C769003E5191 /* Model */,
				8FEE51E32047C778003E5191 /* View */,
				8FEE51E52047C789003E5191 /* Supporting Files */,
				8FC3614A20407D85002172BD /* Info.plist */,
			);
			path = ToDoList;
			sourceTree = "<group>";
		};
		8FEE51E22047C769003E5191 /* Model */ = {
			isa = PBXGroup;
			children = (
				8FECCF83204E034200CD0A73 /* Grouping.swift */,
				8FECCF81204E033400CD0A73 /* Item.swift */,
			);
			path = Model;
			sourceTree = "<group>";
		};
		8FEE51E32047C778003E5191 /* View */ = {
			isa = PBXGroup;
			children = (
				8FC3614220407D85002172BD /* Main.storyboard */,
			);
			path = View;
			sourceTree = "<group>";
		};
		8FEE51E42047C784003E5191 /* Controller */ = {
			isa = PBXGroup;
			children = (
				8FA732E9204DE02D004B28FC /* GroupingTVController.swift */,
				8FC3614020407D85002172BD /* ToDoListViewController.swift */,
				8F046696208444B100D4D845 /* SwipeTableViewController.swift */,
			);
			path = Controller;
			sourceTree = "<group>";
		};
		8FEE51E52047C789003E5191 /* Supporting Files */ = {
			isa = PBXGroup;
			children = (
				8FC3614720407D85002172BD /* LaunchScreen.storyboard */,
				8FC3614520407D85002172BD /* Assets.xcassets */,
			);
			path = "Supporting Files";
			sourceTree = "<group>";
		};
/* End PBXGroup section */

/* Begin PBXNativeTarget section */
		8FC3613A20407D85002172BD /* ToDoList */ = {
			isa = PBXNativeTarget;
			buildConfigurationList = 8FC3614D20407D85002172BD /* Build configuration list for PBXNativeTarget "ToDoList" */;
			buildPhases = (
				2D0AD6F9DAFBE92ED2E7F8F4 /* [CP] Check Pods Manifest.lock */,
				8FC3613720407D85002172BD /* Sources */,
				8FC3613820407D85002172BD /* Frameworks */,
				8FC3613920407D85002172BD /* Resources */,
				71A218C4D4D5502353926A21 /* [CP] Embed Pods Frameworks */,
			);
			buildRules = (
			);
			dependencies = (
			);
			name = ToDoList;
			productName = ToDoList;
			productReference = 8FC3613B20407D85002172BD /* ToDoList.app */;
			productType = "com.apple.product-type.application";
		};
/* End PBXNativeTarget section */

/* Begin PBXProject section */
		8FC3613320407D85002172BD /* Project object */ = {
			isa = PBXProject;
			attributes = {
				LastSwiftUpdateCheck = 0920;
				LastUpgradeCheck = 0930;
				ORGANIZATIONNAME = "Ejaz Merchant";
				TargetAttributes = {
					8FC3613A20407D85002172BD = {
						CreatedOnToolsVersion = 9.2;
						ProvisioningStyle = Automatic;
					};
				};
			};
			buildConfigurationList = 8FC3613620407D85002172BD /* Build configuration list for PBXProject "ToDoList" */;
			compatibilityVersion = "Xcode 8.0";
			developmentRegion = en;
			hasScannedForEncodings = 0;
			knownRegions = (
				en,
				Base,
			);
			mainGroup = 8FC3613220407D85002172BD;
			productRefGroup = 8FC3613C20407D85002172BD /* Products */;
			projectDirPath = "";
			projectRoot = "";
			targets = (
				8FC3613A20407D85002172BD /* ToDoList */,
			);
		};
/* End PBXProject section */

/* Begin PBXResourcesBuildPhase section */
		8FC3613920407D85002172BD /* Resources */ = {
			isa = PBXResourcesBuildPhase;
			buildActionMask = 2147483647;
			files = (
				8FC3614920407D85002172BD /* LaunchScreen.storyboard in Resources */,
				8FC3614620407D85002172BD /* Assets.xcassets in Resources */,
				8FC3614420407D85002172BD /* Main.storyboard in Resources */,
			);
			runOnlyForDeploymentPostprocessing = 0;
		};
/* End PBXResourcesBuildPhase section */

/* Begin PBXShellScriptBuildPhase section */
		2D0AD6F9DAFBE92ED2E7F8F4 /* [CP] Check Pods Manifest.lock */ = {
			isa = PBXShellScriptBuildPhase;
			buildActionMask = 2147483647;
			files = (
			);
			inputPaths = (
				"${PODS_PODFILE_DIR_PATH}/Podfile.lock",
				"${PODS_ROOT}/Manifest.lock",
			);
			name = "[CP] Check Pods Manifest.lock";
			outputPaths = (
				"$(DERIVED_FILE_DIR)/Pods-ToDoList-checkManifestLockResult.txt",
			);
			runOnlyForDeploymentPostprocessing = 0;
			shellPath = /bin/sh;
			shellScript = "diff \"${PODS_PODFILE_DIR_PATH}/Podfile.lock\" \"${PODS_ROOT}/Manifest.lock\" > /dev/null\nif [ $? != 0 ] ; then\n    # print error to STDERR\n    echo \"error: The sandbox is not in sync with the Podfile.lock. Run 'pod install' or update your CocoaPods installation.\" >&2\n    exit 1\nfi\n# This output is used by Xcode 'outputs' to avoid re-running this script phase.\necho \"SUCCESS\" > \"${SCRIPT_OUTPUT_FILE_0}\"\n";
			showEnvVarsInLog = 0;
		};
		71A218C4D4D5502353926A21 /* [CP] Embed Pods Frameworks */ = {
			isa = PBXShellScriptBuildPhase;
			buildActionMask = 2147483647;
			files = (
			);
			inputPaths = (
				"${SRCROOT}/Pods/Target Support Files/Pods-ToDoList/Pods-ToDoList-frameworks.sh",
				"${BUILT_PRODUCTS_DIR}/Realm/Realm.framework",
				"${BUILT_PRODUCTS_DIR}/RealmSwift/RealmSwift.framework",
			);
			name = "[CP] Embed Pods Frameworks";
			outputPaths = (
				"${TARGET_BUILD_DIR}/${FRAMEWORKS_FOLDER_PATH}/Realm.framework",
				"${TARGET_BUILD_DIR}/${FRAMEWORKS_FOLDER_PATH}/RealmSwift.framework",
			);
			runOnlyForDeploymentPostprocessing = 0;
			shellPath = /bin/sh;
			shellScript = "\"${SRCROOT}/Pods/Target Support Files/Pods-ToDoList/Pods-ToDoList-frameworks.sh\"\n";
			showEnvVarsInLog = 0;
		};
/* End PBXShellScriptBuildPhase section */

/* Begin PBXSourcesBuildPhase section */
		8FC3613720407D85002172BD /* Sources */ = {
			isa = PBXSourcesBuildPhase;
			buildActionMask = 2147483647;
			files = (
				8FECCF82204E033400CD0A73 /* Item.swift in Sources */,
				8FC3614120407D85002172BD /* ToDoListViewController.swift in Sources */,
				8FECCF84204E034200CD0A73 /* Grouping.swift in Sources */,
				8FA732EA204DE02D004B28FC /* GroupingTVController.swift in Sources */,
				8F046697208444B100D4D845 /* SwipeTableViewController.swift in Sources */,
				8FC3613F20407D85002172BD /* AppDelegate.swift in Sources */,
			);
			runOnlyForDeploymentPostprocessing = 0;
		};
/* End PBXSourcesBuildPhase section */

/* Begin PBXVariantGroup section */
		8FC3614220407D85002172BD /* Main.storyboard */ = {
			isa = PBXVariantGroup;
			children = (
				8FC3614320407D85002172BD /* Base */,
			);
			name = Main.storyboard;
			sourceTree = "<group>";
		};
		8FC3614720407D85002172BD /* LaunchScreen.storyboard */ = {
			isa = PBXVariantGroup;
			children = (
				8FC3614820407D85002172BD /* Base */,
			);
			name = LaunchScreen.storyboard;
			sourceTree = "<group>";
		};
/* End PBXVariantGroup section */

/* Begin XCBuildConfiguration section */
		8FC3614B20407D85002172BD /* Debug */ = {
			isa = XCBuildConfiguration;
			buildSettings = {
				ALWAYS_SEARCH_USER_PATHS = NO;
				CLANG_ANALYZER_NONNULL = YES;
				CLANG_ANALYZER_NUMBER_OBJECT_CONVERSION = YES_AGGRESSIVE;
				CLANG_CXX_LANGUAGE_STANDARD = "gnu++14";
				CLANG_CXX_LIBRARY = "libc++";
				CLANG_ENABLE_MODULES = YES;
				CLANG_ENABLE_OBJC_ARC = YES;
				CLANG_WARN_BLOCK_CAPTURE_AUTORELEASING = YES;
				CLANG_WARN_BOOL_CONVERSION = YES;
				CLANG_WARN_COMMA = YES;
				CLANG_WARN_CONSTANT_CONVERSION = YES;
				CLANG_WARN_DEPRECATED_OBJC_IMPLEMENTATIONS = YES;
				CLANG_WARN_DIRECT_OBJC_ISA_USAGE = YES_ERROR;
				CLANG_WARN_DOCUMENTATION_COMMENTS = YES;
				CLANG_WARN_EMPTY_BODY = YES;
				CLANG_WARN_ENUM_CONVERSION = YES;
				CLANG_WARN_INFINITE_RECURSION = YES;
				CLANG_WARN_INT_CONVERSION = YES;
				CLANG_WARN_NON_LITERAL_NULL_CONVERSION = YES;
				CLANG_WARN_OBJC_IMPLICIT_RETAIN_SELF = YES;
				CLANG_WARN_OBJC_LITERAL_CONVERSION = YES;
				CLANG_WARN_OBJC_ROOT_CLASS = YES_ERROR;
				CLANG_WARN_RANGE_LOOP_ANALYSIS = YES;
				CLANG_WARN_STRICT_PROTOTYPES = YES;
				CLANG_WARN_SUSPICIOUS_MOVE = YES;
				CLANG_WARN_UNGUARDED_AVAILABILITY = YES_AGGRESSIVE;
				CLANG_WARN_UNREACHABLE_CODE = YES;
				CLANG_WARN__DUPLICATE_METHOD_MATCH = YES;
				CODE_SIGN_IDENTITY = "iPhone Developer";
				COPY_PHASE_STRIP = NO;
				DEBUG_INFORMATION_FORMAT = dwarf;
				ENABLE_STRICT_OBJC_MSGSEND = YES;
				ENABLE_TESTABILITY = YES;
				GCC_C_LANGUAGE_STANDARD = gnu11;
				GCC_DYNAMIC_NO_PIC = NO;
				GCC_NO_COMMON_BLOCKS = YES;
				GCC_OPTIMIZATION_LEVEL = 0;
				GCC_PREPROCESSOR_DEFINITIONS = (
					"DEBUG=1",
					"$(inherited)",
				);
				GCC_WARN_64_TO_32_BIT_CONVERSION = YES;
				GCC_WARN_ABOUT_RETURN_TYPE = YES_ERROR;
				GCC_WARN_UNDECLARED_SELECTOR = YES;
				GCC_WARN_UNINITIALIZED_AUTOS = YES_AGGRESSIVE;
				GCC_WARN_UNUSED_FUNCTION = YES;
				GCC_WARN_UNUSED_VARIABLE = YES;
				IPHONEOS_DEPLOYMENT_TARGET = 11.3;
				MTL_ENABLE_DEBUG_INFO = YES;
				ONLY_ACTIVE_ARCH = YES;
				SDKROOT = iphoneos;
				SWIFT_ACTIVE_COMPILATION_CONDITIONS = DEBUG;
				SWIFT_OPTIMIZATION_LEVEL = "-Onone";
			};
			name = Debug;
		};
		8FC3614C20407D85002172BD /* Release */ = {
			isa = XCBuildConfiguration;
			buildSettings = {
				ALWAYS_SEARCH_USER_PATHS = NO;
				CLANG_ANALYZER_NONNULL = YES;
				CLANG_ANALYZER_NUMBER_OBJECT_CONVERSION = YES_AGGRESSIVE;
				CLANG_CXX_LANGUAGE_STANDARD = "gnu++14";
				CLANG_CXX_LIBRARY = "libc++";
				CLANG_ENABLE_MODULES = YES;
				CLANG_ENABLE_OBJC_ARC = YES;
				CLANG_WARN_BLOCK_CAPTURE_AUTORELEASING = YES;
				CLANG_WARN_BOOL_CONVERSION = YES;
				CLANG_WARN_COMMA = YES;
				CLANG_WARN_CONSTANT_CONVERSION = YES;
				CLANG_WARN_DEPRECATED_OBJC_IMPLEMENTATIONS = YES;
				CLANG_WARN_DIRECT_OBJC_ISA_USAGE = YES_ERROR;
				CLANG_WARN_DOCUMENTATION_COMMENTS = YES;
				CLANG_WARN_EMPTY_BODY = YES;
				CLANG_WARN_ENUM_CONVERSION = YES;
				CLANG_WARN_INFINITE_RECURSION = YES;
				CLANG_WARN_INT_CONVERSION = YES;
				CLANG_WARN_NON_LITERAL_NULL_CONVERSION = YES;
				CLANG_WARN_OBJC_IMPLICIT_RETAIN_SELF = YES;
				CLANG_WARN_OBJC_LITERAL_CONVERSION = YES;
				CLANG_WARN_OBJC_ROOT_CLASS = YES_ERROR;
				CLANG_WARN_RANGE_LOOP_ANALYSIS = YES;
				CLANG_WARN_STRICT_PROTOTYPES = YES;
				CLANG_WARN_SUSPICIOUS_MOVE = YES;
				CLANG_WARN_UNGUARDED_AVAILABILITY = YES_AGGRESSIVE;
				CLANG_WARN_UNREACHABLE_CODE = YES;
				CLANG_WARN__DUPLICATE_METHOD_MATCH = YES;
				CODE_SIGN_IDENTITY = "iPhone Developer";
				COPY_PHASE_STRIP = NO;
				DEBUG_INFORMATION_FORMAT = "dwarf-with-dsym";
				ENABLE_NS_ASSERTIONS = NO;
				ENABLE_STRICT_OBJC_MSGSEND = YES;
				GCC_C_LANGUAGE_STANDARD = gnu11;
				GCC_NO_COMMON_BLOCKS = YES;
				GCC_WARN_64_TO_32_BIT_CONVERSION = YES;
				GCC_WARN_ABOUT_RETURN_TYPE = YES_ERROR;
				GCC_WARN_UNDECLARED_SELECTOR = YES;
				GCC_WARN_UNINITIALIZED_AUTOS = YES_AGGRESSIVE;
				GCC_WARN_UNUSED_FUNCTION = YES;
				GCC_WARN_UNUSED_VARIABLE = YES;
				IPHONEOS_DEPLOYMENT_TARGET = 11.3;
				MTL_ENABLE_DEBUG_INFO = NO;
				SDKROOT = iphoneos;
				SWIFT_OPTIMIZATION_LEVEL = "-Owholemodule";
				VALIDATE_PRODUCT = YES;
			};
			name = Release;
		};
		8FC3614E20407D85002172BD /* Debug */ = {
			isa = XCBuildConfiguration;
			baseConfigurationReference = 0DDABF45A6505CCF822F5637 /* Pods-ToDoList.debug.xcconfig */;
			buildSettings = {
				ASSETCATALOG_COMPILER_APPICON_NAME = AppIcon;
				CODE_SIGN_STYLE = Automatic;
				DEVELOPMENT_TEAM = 45YATE627L;
				INFOPLIST_FILE = ToDoList/Info.plist;
				LD_RUNPATH_SEARCH_PATHS = "$(inherited) @executable_path/Frameworks";
				PRODUCT_BUNDLE_IDENTIFIER = com.ejazmerchant.ToDoList;
				PRODUCT_NAME = "$(TARGET_NAME)";
				SWIFT_VERSION = 4.0;
				TARGETED_DEVICE_FAMILY = "1,2";
			};
			name = Debug;
		};
		8FC3614F20407D85002172BD /* Release */ = {
			isa = XCBuildConfiguration;
			baseConfigurationReference = C973776234B7B9CC263508B8 /* Pods-ToDoList.release.xcconfig */;
			buildSettings = {
				ASSETCATALOG_COMPILER_APPICON_NAME = AppIcon;
				CODE_SIGN_STYLE = Automatic;
				DEVELOPMENT_TEAM = 45YATE627L;
				INFOPLIST_FILE = ToDoList/Info.plist;
				LD_RUNPATH_SEARCH_PATHS = "$(inherited) @executable_path/Frameworks";
				PRODUCT_BUNDLE_IDENTIFIER = com.ejazmerchant.ToDoList;
				PRODUCT_NAME = "$(TARGET_NAME)";
				SWIFT_VERSION = 4.0;
				TARGETED_DEVICE_FAMILY = "1,2";
			};
			name = Release;
		};
/* End XCBuildConfiguration section */

/* Begin XCConfigurationList section */
		8FC3613620407D85002172BD /* Build configuration list for PBXProject "ToDoList" */ = {
			isa = XCConfigurationList;
			buildConfigurations = (
				8FC3614B20407D85002172BD /* Debug */,
				8FC3614C20407D85002172BD /* Release */,
			);
			defaultConfigurationIsVisible = 0;
			defaultConfigurationName = Release;
		};
		8FC3614D20407D85002172BD /* Build configuration list for PBXNativeTarget "ToDoList" */ = {
			isa = XCConfigurationList;
			buildConfigurations = (
				8FC3614E20407D85002172BD /* Debug */,
				8FC3614F20407D85002172BD /* Release */,
			);
			defaultConfigurationIsVisible = 0;
			defaultConfigurationName = Release;
		};
/* End XCConfigurationList section */
	};
	rootObject = 8FC3613320407D85002172BD /* Project object */;
}
